
Microsoft Visual Studio Solution File, Format Version 12.00
# Visual Studio Version 17
VisualStudioVersion = 17.1.32421.90
MinimumVisualStudioVersion = 10.0.40219.1
Project("{FAE04EC0-301F-11D3-BF4B-00C04F79EFBC}") = "RGB-O-Rama", "RGB-O-Rama.csproj", "{5877883A-935C-4C5F-A352-68FCFD0A5D0F}"
EndProject
Global
	GlobalSection(SolutionConfigurationPlatforms) = preSolution
		Debug|Any CPU = Debug|Any CPU
		Release|Any CPU = Release|Any CPU
	EndGlobalSection
	GlobalSection(ProjectConfigurationPlatforms) = postSolution
		{5877883A-935C-4C5F-A352-68FCFD0A5D0F}.Debug|Any CPU.ActiveCfg = Debug|Any CPU
		{5877883A-935C-4C5F-A352-68FCFD0A5D0F}.Debug|Any CPU.Build.0 = Debug|Any CPU
		{5877883A-935C-4C5F-A352-68FCFD0A5D0F}.Release|Any CPU.ActiveCfg = Release|Any CPU
		{5877883A-935C-4C5F-A352-68FCFD0A5D0F}.Release|Any CPU.Build.0 = Release|Any CPU
	EndGlobalSection
	GlobalSection(SolutionProperties) = preSolution
		HideSolutionNode = FALSE
	EndGlobalSection
	GlobalSection(ExtensibilityGlobals) = postSolution
		SolutionGuid = {D4DB3837-9C7F-4557-A49C-79CCCF350E11}
	EndGlobalSection
EndGlobal
