
Microsoft Visual Studio Solution File, Format Version 12.00
# Visual Studio 15
VisualStudioVersion = 15.0.26430.12
MinimumVisualStudioVersion = 10.0.40219.1
Project("{FAE04EC0-301F-11D3-BF4B-00C04F79EFBC}") = "MapORama", "Map-O-Rama\MapORama\MapORama.csproj", "{D13E7270-DC0C-43B7-AB48-11D649989DE5}"
EndProject
Project("{FAE04EC0-301F-11D3-BF4B-00C04F79EFBC}") = "MergeORama", "Merge-O-Rama\MergeORama\MergeORama.csproj", "{2380F7A0-0247-4F52-ABCA-1E95D599AF77}"
EndProject
Project("{FAE04EC0-301F-11D3-BF4B-00C04F79EFBC}") = "RGBORama", "RGB-O-Rama\RGBORama\RGBORama.csproj", "{94B4A8D2-2BDE-4814-ACD6-4050AAB9A023}"
EndProject
Project("{FAE04EC0-301F-11D3-BF4B-00C04F79EFBC}") = "SparkleORama", "Sparkle-O-Rama\SparkleORama\SparkleORama.csproj", "{CA92E185-2110-403E-8F7A-612F096A04FB}"
EndProject
Project("{FAE04EC0-301F-11D3-BF4B-00C04F79EFBC}") = "SplitORama", "Split-O-Rama\SplitORama\SplitORama.csproj", "{553F85E5-6AF8-4185-ACFE-68BF3DCBB3FD}"
EndProject
Project("{FAE04EC0-301F-11D3-BF4B-00C04F79EFBC}") = "StripORama", "Strip-O-Rama\StripORama\StripORama.csproj", "{07DCD78A-9FED-4598-AC50-70E5800F6FFC}"
EndProject
Project("{FAE04EC0-301F-11D3-BF4B-00C04F79EFBC}") = "TuneORama", "Tune-O-Rama\TuneORama\TuneORama.csproj", "{D0CB347F-95A1-4A9E-BD42-D9474B0A28A5}"
EndProject
Global
	GlobalSection(SolutionConfigurationPlatforms) = preSolution
		Debug|Any CPU = Debug|Any CPU
		Debug|x86 = Debug|x86
		Release|Any CPU = Release|Any CPU
		Release|x86 = Release|x86
	EndGlobalSection
	GlobalSection(ProjectConfigurationPlatforms) = postSolution
		{D13E7270-DC0C-43B7-AB48-11D649989DE5}.Debug|Any CPU.ActiveCfg = Debug|Any CPU
		{D13E7270-DC0C-43B7-AB48-11D649989DE5}.Debug|Any CPU.Build.0 = Debug|Any CPU
		{D13E7270-DC0C-43B7-AB48-11D649989DE5}.Debug|x86.ActiveCfg = Debug|Any CPU
		{D13E7270-DC0C-43B7-AB48-11D649989DE5}.Debug|x86.Build.0 = Debug|Any CPU
		{D13E7270-DC0C-43B7-AB48-11D649989DE5}.Release|Any CPU.ActiveCfg = Release|Any CPU
		{D13E7270-DC0C-43B7-AB48-11D649989DE5}.Release|Any CPU.Build.0 = Release|Any CPU
		{D13E7270-DC0C-43B7-AB48-11D649989DE5}.Release|x86.ActiveCfg = Release|Any CPU
		{D13E7270-DC0C-43B7-AB48-11D649989DE5}.Release|x86.Build.0 = Release|Any CPU
		{2380F7A0-0247-4F52-ABCA-1E95D599AF77}.Debug|Any CPU.ActiveCfg = Debug|Any CPU
		{2380F7A0-0247-4F52-ABCA-1E95D599AF77}.Debug|Any CPU.Build.0 = Debug|Any CPU
		{2380F7A0-0247-4F52-ABCA-1E95D599AF77}.Debug|x86.ActiveCfg = Debug|Any CPU
		{2380F7A0-0247-4F52-ABCA-1E95D599AF77}.Debug|x86.Build.0 = Debug|Any CPU
		{2380F7A0-0247-4F52-ABCA-1E95D599AF77}.Release|Any CPU.ActiveCfg = Release|Any CPU
		{2380F7A0-0247-4F52-ABCA-1E95D599AF77}.Release|Any CPU.Build.0 = Release|Any CPU
		{2380F7A0-0247-4F52-ABCA-1E95D599AF77}.Release|x86.ActiveCfg = Release|Any CPU
		{2380F7A0-0247-4F52-ABCA-1E95D599AF77}.Release|x86.Build.0 = Release|Any CPU
		{94B4A8D2-2BDE-4814-ACD6-4050AAB9A023}.Debug|Any CPU.ActiveCfg = Debug|x86
		{94B4A8D2-2BDE-4814-ACD6-4050AAB9A023}.Debug|x86.ActiveCfg = Debug|x86
		{94B4A8D2-2BDE-4814-ACD6-4050AAB9A023}.Debug|x86.Build.0 = Debug|x86
		{94B4A8D2-2BDE-4814-ACD6-4050AAB9A023}.Release|Any CPU.ActiveCfg = Release|x86
		{94B4A8D2-2BDE-4814-ACD6-4050AAB9A023}.Release|x86.ActiveCfg = Release|x86
		{94B4A8D2-2BDE-4814-ACD6-4050AAB9A023}.Release|x86.Build.0 = Release|x86
		{CA92E185-2110-403E-8F7A-612F096A04FB}.Debug|Any CPU.ActiveCfg = Debug|Any CPU
		{CA92E185-2110-403E-8F7A-612F096A04FB}.Debug|Any CPU.Build.0 = Debug|Any CPU
		{CA92E185-2110-403E-8F7A-612F096A04FB}.Debug|x86.ActiveCfg = Debug|Any CPU
		{CA92E185-2110-403E-8F7A-612F096A04FB}.Debug|x86.Build.0 = Debug|Any CPU
		{CA92E185-2110-403E-8F7A-612F096A04FB}.Release|Any CPU.ActiveCfg = Release|Any CPU
		{CA92E185-2110-403E-8F7A-612F096A04FB}.Release|Any CPU.Build.0 = Release|Any CPU
		{CA92E185-2110-403E-8F7A-612F096A04FB}.Release|x86.ActiveCfg = Release|Any CPU
		{CA92E185-2110-403E-8F7A-612F096A04FB}.Release|x86.Build.0 = Release|Any CPU
		{553F85E5-6AF8-4185-ACFE-68BF3DCBB3FD}.Debug|Any CPU.ActiveCfg = Debug|Any CPU
		{553F85E5-6AF8-4185-ACFE-68BF3DCBB3FD}.Debug|Any CPU.Build.0 = Debug|Any CPU
		{553F85E5-6AF8-4185-ACFE-68BF3DCBB3FD}.Debug|x86.ActiveCfg = Debug|Any CPU
		{553F85E5-6AF8-4185-ACFE-68BF3DCBB3FD}.Debug|x86.Build.0 = Debug|Any CPU
		{553F85E5-6AF8-4185-ACFE-68BF3DCBB3FD}.Release|Any CPU.ActiveCfg = Release|Any CPU
		{553F85E5-6AF8-4185-ACFE-68BF3DCBB3FD}.Release|Any CPU.Build.0 = Release|Any CPU
		{553F85E5-6AF8-4185-ACFE-68BF3DCBB3FD}.Release|x86.ActiveCfg = Release|Any CPU
		{553F85E5-6AF8-4185-ACFE-68BF3DCBB3FD}.Release|x86.Build.0 = Release|Any CPU
		{07DCD78A-9FED-4598-AC50-70E5800F6FFC}.Debug|Any CPU.ActiveCfg = Debug|Any CPU
		{07DCD78A-9FED-4598-AC50-70E5800F6FFC}.Debug|Any CPU.Build.0 = Debug|Any CPU
		{07DCD78A-9FED-4598-AC50-70E5800F6FFC}.Debug|x86.ActiveCfg = Debug|Any CPU
		{07DCD78A-9FED-4598-AC50-70E5800F6FFC}.Debug|x86.Build.0 = Debug|Any CPU
		{07DCD78A-9FED-4598-AC50-70E5800F6FFC}.Release|Any CPU.ActiveCfg = Release|Any CPU
		{07DCD78A-9FED-4598-AC50-70E5800F6FFC}.Release|Any CPU.Build.0 = Release|Any CPU
		{07DCD78A-9FED-4598-AC50-70E5800F6FFC}.Release|x86.ActiveCfg = Release|Any CPU
		{07DCD78A-9FED-4598-AC50-70E5800F6FFC}.Release|x86.Build.0 = Release|Any CPU
		{D0CB347F-95A1-4A9E-BD42-D9474B0A28A5}.Debug|Any CPU.ActiveCfg = Debug|Any CPU
		{D0CB347F-95A1-4A9E-BD42-D9474B0A28A5}.Debug|Any CPU.Build.0 = Debug|Any CPU
		{D0CB347F-95A1-4A9E-BD42-D9474B0A28A5}.Debug|x86.ActiveCfg = Debug|Any CPU
		{D0CB347F-95A1-4A9E-BD42-D9474B0A28A5}.Debug|x86.Build.0 = Debug|Any CPU
		{D0CB347F-95A1-4A9E-BD42-D9474B0A28A5}.Release|Any CPU.ActiveCfg = Release|Any CPU
		{D0CB347F-95A1-4A9E-BD42-D9474B0A28A5}.Release|Any CPU.Build.0 = Release|Any CPU
		{D0CB347F-95A1-4A9E-BD42-D9474B0A28A5}.Release|x86.ActiveCfg = Release|Any CPU
		{D0CB347F-95A1-4A9E-BD42-D9474B0A28A5}.Release|x86.Build.0 = Release|Any CPU
	EndGlobalSection
	GlobalSection(SolutionProperties) = preSolution
		HideSolutionNode = FALSE
	EndGlobalSection
EndGlobal
