
Microsoft Visual Studio Solution File, Format Version 12.00
# Visual Studio Version 16
VisualStudioVersion = 16.0.30413.136
MinimumVisualStudioVersion = 10.0.40219.1
Project("{FAE04EC0-301F-11D3-BF4B-00C04F79EFBC}") = "MapORama", "MapORama\MapORama.csproj", "{D13E7270-DC0C-43B7-AB48-11D649989DE5}"
EndProject
Project("{FAE04EC0-301F-11D3-BF4B-00C04F79EFBC}") = "MergeORama", "MergeORama\MergeORama.csproj", "{2380F7A0-0247-4F52-ABCA-1E95D599AF77}"
EndProject
Project("{FAE04EC0-301F-11D3-BF4B-00C04F79EFBC}") = "RGBORama", "RGBORama\RGBORama.csproj", "{94B4A8D2-2BDE-4814-ACD6-4050AAB9A023}"
EndProject
Project("{FAE04EC0-301F-11D3-BF4B-00C04F79EFBC}") = "SparkleORama", "SparkleORama\SparkleORama.csproj", "{CA92E185-2110-403E-8F7A-612F096A04FB}"
EndProject
Project("{FAE04EC0-301F-11D3-BF4B-00C04F79EFBC}") = "SplitORama", "SplitORama\SplitORama.csproj", "{553F85E5-6AF8-4185-ACFE-68BF3DCBB3FD}"
EndProject
Project("{FAE04EC0-301F-11D3-BF4B-00C04F79EFBC}") = "StripORama", "StripORama\StripORama.csproj", "{07DCD78A-9FED-4598-AC50-70E5800F6FFC}"
EndProject
Project("{FAE04EC0-301F-11D3-BF4B-00C04F79EFBC}") = "InfoRama", "InfoRama\InfoRama.csproj", "{91ADB515-4361-4BC4-8BEE-A16D2DED4536}"
EndProject
Project("{FAE04EC0-301F-11D3-BF4B-00C04F79EFBC}") = "StringORama", "StringORama\StringORama.csproj", "{8F8923F1-2EA0-4F83-B046-4C8B50C0C99D}"
EndProject
Project("{FAE04EC0-301F-11D3-BF4B-00C04F79EFBC}") = "ValidORama", "FoobarORama\ValidORama.csproj", "{25B963FD-2957-4617-8903-2351236FC377}"
EndProject
Project("{FAE04EC0-301F-11D3-BF4B-00C04F79EFBC}") = "ListORama", "ListORama\ListORama.csproj", "{4DAE48A6-6B4B-41B9-A46F-3B0AAF1C0B42}"
EndProject
Project("{FAE04EC0-301F-11D3-BF4B-00C04F79EFBC}") = "FuzzyString", "Common\FuzzyString\FuzzyString.csproj", "{2AAA900B-64FB-4874-9444-64AE33ACA970}"
EndProject
Project("{2150E333-8FDC-42A3-9474-1A3956D46DE8}") = "Solution Items", "Solution Items", "{ED4532EF-88FF-48FC-9C92-FAD9965ACF9C}"
	ProjectSection(SolutionItems) = preProject
		BugTracking.txt = BugTracking.txt
	EndProjectSection
EndProject
Project("{FAE04EC0-301F-11D3-BF4B-00C04F79EFBC}") = "TreeDupliFix", "TreeDupliFix\TreeDupliFix\TreeDupliFix.csproj", "{5BCDA386-A3C4-44F7-9BFB-98194C1B9CBB}"
EndProject
Project("{FAE04EC0-301F-11D3-BF4B-00C04F79EFBC}") = "CentiFix", "CentiFix\CentiFix.csproj", "{8941632D-76A6-4EEA-AF40-1C07304B974E}"
EndProject
Project("{FAE04EC0-301F-11D3-BF4B-00C04F79EFBC}") = "VampORama", "VampORama\VampORama.csproj", "{D0CB347F-95A1-4A9E-BD42-D9474B0A28A5}"
EndProject
Project("{FAE04EC0-301F-11D3-BF4B-00C04F79EFBC}") = "xMove", "xMove\xMove.csproj", "{935191FB-7EB7-4684-A58C-9293AB6510DF}"
EndProject
Project("{FAE04EC0-301F-11D3-BF4B-00C04F79EFBC}") = "TimeORama", "TimeORama\TimeORama.csproj", "{069C872A-BFDE-43DF-8AA5-6D578C511857}"
EndProject
Project("{FAE04EC0-301F-11D3-BF4B-00C04F79EFBC}") = "CompareORama", "CompareORama\CompareORama.csproj", "{4E26FC58-F8E8-4273-8F84-19252E5593F9}"
EndProject
Project("{FAE04EC0-301F-11D3-BF4B-00C04F79EFBC}") = "BlankORama", "BlankORama\BlankORama.csproj", "{4E26FC58-7311-1173-8F84-19252E5593F9}"
EndProject
Project("{FAE04EC0-301F-11D3-BF4B-00C04F79EFBC}") = "ChannelORama", "ChannelORama\ChannelORama.csproj", "{625B1D42-4E48-4DD5-AD91-F83C26D07BBB}"
EndProject
Global
	GlobalSection(SolutionConfigurationPlatforms) = preSolution
		Debug|Any CPU = Debug|Any CPU
		Debug|x86 = Debug|x86
		Release|Any CPU = Release|Any CPU
		Release|x86 = Release|x86
	EndGlobalSection
	GlobalSection(ProjectConfigurationPlatforms) = postSolution
		{D13E7270-DC0C-43B7-AB48-11D649989DE5}.Debug|Any CPU.ActiveCfg = Debug|Any CPU
		{D13E7270-DC0C-43B7-AB48-11D649989DE5}.Debug|Any CPU.Build.0 = Debug|Any CPU
		{D13E7270-DC0C-43B7-AB48-11D649989DE5}.Debug|x86.ActiveCfg = Debug|Any CPU
		{D13E7270-DC0C-43B7-AB48-11D649989DE5}.Debug|x86.Build.0 = Debug|Any CPU
		{D13E7270-DC0C-43B7-AB48-11D649989DE5}.Release|Any CPU.ActiveCfg = Release|Any CPU
		{D13E7270-DC0C-43B7-AB48-11D649989DE5}.Release|Any CPU.Build.0 = Release|Any CPU
		{D13E7270-DC0C-43B7-AB48-11D649989DE5}.Release|x86.ActiveCfg = Release|Any CPU
		{D13E7270-DC0C-43B7-AB48-11D649989DE5}.Release|x86.Build.0 = Release|Any CPU
		{2380F7A0-0247-4F52-ABCA-1E95D599AF77}.Debug|Any CPU.ActiveCfg = Debug|Any CPU
		{2380F7A0-0247-4F52-ABCA-1E95D599AF77}.Debug|Any CPU.Build.0 = Debug|Any CPU
		{2380F7A0-0247-4F52-ABCA-1E95D599AF77}.Debug|x86.ActiveCfg = Debug|Any CPU
		{2380F7A0-0247-4F52-ABCA-1E95D599AF77}.Debug|x86.Build.0 = Debug|Any CPU
		{2380F7A0-0247-4F52-ABCA-1E95D599AF77}.Release|Any CPU.ActiveCfg = Release|Any CPU
		{2380F7A0-0247-4F52-ABCA-1E95D599AF77}.Release|Any CPU.Build.0 = Release|Any CPU
		{2380F7A0-0247-4F52-ABCA-1E95D599AF77}.Release|x86.ActiveCfg = Release|Any CPU
		{2380F7A0-0247-4F52-ABCA-1E95D599AF77}.Release|x86.Build.0 = Release|Any CPU
		{94B4A8D2-2BDE-4814-ACD6-4050AAB9A023}.Debug|Any CPU.ActiveCfg = Debug|x86
		{94B4A8D2-2BDE-4814-ACD6-4050AAB9A023}.Debug|x86.ActiveCfg = Debug|x86
		{94B4A8D2-2BDE-4814-ACD6-4050AAB9A023}.Debug|x86.Build.0 = Debug|x86
		{94B4A8D2-2BDE-4814-ACD6-4050AAB9A023}.Release|Any CPU.ActiveCfg = Release|x86
		{94B4A8D2-2BDE-4814-ACD6-4050AAB9A023}.Release|x86.ActiveCfg = Release|x86
		{94B4A8D2-2BDE-4814-ACD6-4050AAB9A023}.Release|x86.Build.0 = Release|x86
		{CA92E185-2110-403E-8F7A-612F096A04FB}.Debug|Any CPU.ActiveCfg = Debug|Any CPU
		{CA92E185-2110-403E-8F7A-612F096A04FB}.Debug|Any CPU.Build.0 = Debug|Any CPU
		{CA92E185-2110-403E-8F7A-612F096A04FB}.Debug|x86.ActiveCfg = Debug|Any CPU
		{CA92E185-2110-403E-8F7A-612F096A04FB}.Debug|x86.Build.0 = Debug|Any CPU
		{CA92E185-2110-403E-8F7A-612F096A04FB}.Release|Any CPU.ActiveCfg = Release|Any CPU
		{CA92E185-2110-403E-8F7A-612F096A04FB}.Release|Any CPU.Build.0 = Release|Any CPU
		{CA92E185-2110-403E-8F7A-612F096A04FB}.Release|x86.ActiveCfg = Release|Any CPU
		{CA92E185-2110-403E-8F7A-612F096A04FB}.Release|x86.Build.0 = Release|Any CPU
		{553F85E5-6AF8-4185-ACFE-68BF3DCBB3FD}.Debug|Any CPU.ActiveCfg = Debug|Any CPU
		{553F85E5-6AF8-4185-ACFE-68BF3DCBB3FD}.Debug|Any CPU.Build.0 = Debug|Any CPU
		{553F85E5-6AF8-4185-ACFE-68BF3DCBB3FD}.Debug|x86.ActiveCfg = Debug|Any CPU
		{553F85E5-6AF8-4185-ACFE-68BF3DCBB3FD}.Debug|x86.Build.0 = Debug|Any CPU
		{553F85E5-6AF8-4185-ACFE-68BF3DCBB3FD}.Release|Any CPU.ActiveCfg = Release|Any CPU
		{553F85E5-6AF8-4185-ACFE-68BF3DCBB3FD}.Release|Any CPU.Build.0 = Release|Any CPU
		{553F85E5-6AF8-4185-ACFE-68BF3DCBB3FD}.Release|x86.ActiveCfg = Release|Any CPU
		{553F85E5-6AF8-4185-ACFE-68BF3DCBB3FD}.Release|x86.Build.0 = Release|Any CPU
		{07DCD78A-9FED-4598-AC50-70E5800F6FFC}.Debug|Any CPU.ActiveCfg = Debug|Any CPU
		{07DCD78A-9FED-4598-AC50-70E5800F6FFC}.Debug|Any CPU.Build.0 = Debug|Any CPU
		{07DCD78A-9FED-4598-AC50-70E5800F6FFC}.Debug|x86.ActiveCfg = Debug|Any CPU
		{07DCD78A-9FED-4598-AC50-70E5800F6FFC}.Debug|x86.Build.0 = Debug|Any CPU
		{07DCD78A-9FED-4598-AC50-70E5800F6FFC}.Release|Any CPU.ActiveCfg = Release|Any CPU
		{07DCD78A-9FED-4598-AC50-70E5800F6FFC}.Release|Any CPU.Build.0 = Release|Any CPU
		{07DCD78A-9FED-4598-AC50-70E5800F6FFC}.Release|x86.ActiveCfg = Release|Any CPU
		{07DCD78A-9FED-4598-AC50-70E5800F6FFC}.Release|x86.Build.0 = Release|Any CPU
		{91ADB515-4361-4BC4-8BEE-A16D2DED4536}.Debug|Any CPU.ActiveCfg = Debug|Any CPU
		{91ADB515-4361-4BC4-8BEE-A16D2DED4536}.Debug|Any CPU.Build.0 = Debug|Any CPU
		{91ADB515-4361-4BC4-8BEE-A16D2DED4536}.Debug|x86.ActiveCfg = Debug|Any CPU
		{91ADB515-4361-4BC4-8BEE-A16D2DED4536}.Debug|x86.Build.0 = Debug|Any CPU
		{91ADB515-4361-4BC4-8BEE-A16D2DED4536}.Release|Any CPU.ActiveCfg = Release|Any CPU
		{91ADB515-4361-4BC4-8BEE-A16D2DED4536}.Release|Any CPU.Build.0 = Release|Any CPU
		{91ADB515-4361-4BC4-8BEE-A16D2DED4536}.Release|x86.ActiveCfg = Release|Any CPU
		{91ADB515-4361-4BC4-8BEE-A16D2DED4536}.Release|x86.Build.0 = Release|Any CPU
		{8F8923F1-2EA0-4F83-B046-4C8B50C0C99D}.Debug|Any CPU.ActiveCfg = Debug|Any CPU
		{8F8923F1-2EA0-4F83-B046-4C8B50C0C99D}.Debug|Any CPU.Build.0 = Debug|Any CPU
		{8F8923F1-2EA0-4F83-B046-4C8B50C0C99D}.Debug|x86.ActiveCfg = Debug|Any CPU
		{8F8923F1-2EA0-4F83-B046-4C8B50C0C99D}.Debug|x86.Build.0 = Debug|Any CPU
		{8F8923F1-2EA0-4F83-B046-4C8B50C0C99D}.Release|Any CPU.ActiveCfg = Release|Any CPU
		{8F8923F1-2EA0-4F83-B046-4C8B50C0C99D}.Release|Any CPU.Build.0 = Release|Any CPU
		{8F8923F1-2EA0-4F83-B046-4C8B50C0C99D}.Release|x86.ActiveCfg = Release|Any CPU
		{8F8923F1-2EA0-4F83-B046-4C8B50C0C99D}.Release|x86.Build.0 = Release|Any CPU
		{25B963FD-2957-4617-8903-2351236FC377}.Debug|Any CPU.ActiveCfg = Debug|Any CPU
		{25B963FD-2957-4617-8903-2351236FC377}.Debug|Any CPU.Build.0 = Debug|Any CPU
		{25B963FD-2957-4617-8903-2351236FC377}.Debug|x86.ActiveCfg = Debug|Any CPU
		{25B963FD-2957-4617-8903-2351236FC377}.Debug|x86.Build.0 = Debug|Any CPU
		{25B963FD-2957-4617-8903-2351236FC377}.Release|Any CPU.ActiveCfg = Release|Any CPU
		{25B963FD-2957-4617-8903-2351236FC377}.Release|Any CPU.Build.0 = Release|Any CPU
		{25B963FD-2957-4617-8903-2351236FC377}.Release|x86.ActiveCfg = Release|Any CPU
		{25B963FD-2957-4617-8903-2351236FC377}.Release|x86.Build.0 = Release|Any CPU
		{4DAE48A6-6B4B-41B9-A46F-3B0AAF1C0B42}.Debug|Any CPU.ActiveCfg = Debug|Any CPU
		{4DAE48A6-6B4B-41B9-A46F-3B0AAF1C0B42}.Debug|Any CPU.Build.0 = Debug|Any CPU
		{4DAE48A6-6B4B-41B9-A46F-3B0AAF1C0B42}.Debug|x86.ActiveCfg = Debug|Any CPU
		{4DAE48A6-6B4B-41B9-A46F-3B0AAF1C0B42}.Debug|x86.Build.0 = Debug|Any CPU
		{4DAE48A6-6B4B-41B9-A46F-3B0AAF1C0B42}.Release|Any CPU.ActiveCfg = Release|Any CPU
		{4DAE48A6-6B4B-41B9-A46F-3B0AAF1C0B42}.Release|Any CPU.Build.0 = Release|Any CPU
		{4DAE48A6-6B4B-41B9-A46F-3B0AAF1C0B42}.Release|x86.ActiveCfg = Release|Any CPU
		{4DAE48A6-6B4B-41B9-A46F-3B0AAF1C0B42}.Release|x86.Build.0 = Release|Any CPU
		{2AAA900B-64FB-4874-9444-64AE33ACA970}.Debug|Any CPU.ActiveCfg = Debug|Any CPU
		{2AAA900B-64FB-4874-9444-64AE33ACA970}.Debug|Any CPU.Build.0 = Debug|Any CPU
		{2AAA900B-64FB-4874-9444-64AE33ACA970}.Debug|x86.ActiveCfg = Debug|Any CPU
		{2AAA900B-64FB-4874-9444-64AE33ACA970}.Debug|x86.Build.0 = Debug|Any CPU
		{2AAA900B-64FB-4874-9444-64AE33ACA970}.Release|Any CPU.ActiveCfg = Release|Any CPU
		{2AAA900B-64FB-4874-9444-64AE33ACA970}.Release|Any CPU.Build.0 = Release|Any CPU
		{2AAA900B-64FB-4874-9444-64AE33ACA970}.Release|x86.ActiveCfg = Release|Any CPU
		{2AAA900B-64FB-4874-9444-64AE33ACA970}.Release|x86.Build.0 = Release|Any CPU
		{5BCDA386-A3C4-44F7-9BFB-98194C1B9CBB}.Debug|Any CPU.ActiveCfg = Debug|Any CPU
		{5BCDA386-A3C4-44F7-9BFB-98194C1B9CBB}.Debug|Any CPU.Build.0 = Debug|Any CPU
		{5BCDA386-A3C4-44F7-9BFB-98194C1B9CBB}.Debug|x86.ActiveCfg = Debug|Any CPU
		{5BCDA386-A3C4-44F7-9BFB-98194C1B9CBB}.Debug|x86.Build.0 = Debug|Any CPU
		{5BCDA386-A3C4-44F7-9BFB-98194C1B9CBB}.Release|Any CPU.ActiveCfg = Release|Any CPU
		{5BCDA386-A3C4-44F7-9BFB-98194C1B9CBB}.Release|Any CPU.Build.0 = Release|Any CPU
		{5BCDA386-A3C4-44F7-9BFB-98194C1B9CBB}.Release|x86.ActiveCfg = Release|Any CPU
		{5BCDA386-A3C4-44F7-9BFB-98194C1B9CBB}.Release|x86.Build.0 = Release|Any CPU
		{8941632D-76A6-4EEA-AF40-1C07304B974E}.Debug|Any CPU.ActiveCfg = Debug|Any CPU
		{8941632D-76A6-4EEA-AF40-1C07304B974E}.Debug|Any CPU.Build.0 = Debug|Any CPU
		{8941632D-76A6-4EEA-AF40-1C07304B974E}.Debug|x86.ActiveCfg = Debug|Any CPU
		{8941632D-76A6-4EEA-AF40-1C07304B974E}.Debug|x86.Build.0 = Debug|Any CPU
		{8941632D-76A6-4EEA-AF40-1C07304B974E}.Release|Any CPU.ActiveCfg = Release|Any CPU
		{8941632D-76A6-4EEA-AF40-1C07304B974E}.Release|Any CPU.Build.0 = Release|Any CPU
		{8941632D-76A6-4EEA-AF40-1C07304B974E}.Release|x86.ActiveCfg = Release|Any CPU
		{8941632D-76A6-4EEA-AF40-1C07304B974E}.Release|x86.Build.0 = Release|Any CPU
		{D0CB347F-95A1-4A9E-BD42-D9474B0A28A5}.Debug|Any CPU.ActiveCfg = Debug|Any CPU
		{D0CB347F-95A1-4A9E-BD42-D9474B0A28A5}.Debug|Any CPU.Build.0 = Debug|Any CPU
		{D0CB347F-95A1-4A9E-BD42-D9474B0A28A5}.Debug|x86.ActiveCfg = Debug|Any CPU
		{D0CB347F-95A1-4A9E-BD42-D9474B0A28A5}.Debug|x86.Build.0 = Debug|Any CPU
		{D0CB347F-95A1-4A9E-BD42-D9474B0A28A5}.Release|Any CPU.ActiveCfg = Release|Any CPU
		{D0CB347F-95A1-4A9E-BD42-D9474B0A28A5}.Release|Any CPU.Build.0 = Release|Any CPU
		{D0CB347F-95A1-4A9E-BD42-D9474B0A28A5}.Release|x86.ActiveCfg = Release|Any CPU
		{D0CB347F-95A1-4A9E-BD42-D9474B0A28A5}.Release|x86.Build.0 = Release|Any CPU
		{935191FB-7EB7-4684-A58C-9293AB6510DF}.Debug|Any CPU.ActiveCfg = Debug|Any CPU
		{935191FB-7EB7-4684-A58C-9293AB6510DF}.Debug|Any CPU.Build.0 = Debug|Any CPU
		{935191FB-7EB7-4684-A58C-9293AB6510DF}.Debug|x86.ActiveCfg = Debug|Any CPU
		{935191FB-7EB7-4684-A58C-9293AB6510DF}.Debug|x86.Build.0 = Debug|Any CPU
		{935191FB-7EB7-4684-A58C-9293AB6510DF}.Release|Any CPU.ActiveCfg = Release|Any CPU
		{935191FB-7EB7-4684-A58C-9293AB6510DF}.Release|Any CPU.Build.0 = Release|Any CPU
		{935191FB-7EB7-4684-A58C-9293AB6510DF}.Release|x86.ActiveCfg = Release|Any CPU
		{935191FB-7EB7-4684-A58C-9293AB6510DF}.Release|x86.Build.0 = Release|Any CPU
		{069C872A-BFDE-43DF-8AA5-6D578C511857}.Debug|Any CPU.ActiveCfg = Debug|Any CPU
		{069C872A-BFDE-43DF-8AA5-6D578C511857}.Debug|Any CPU.Build.0 = Debug|Any CPU
		{069C872A-BFDE-43DF-8AA5-6D578C511857}.Debug|x86.ActiveCfg = Debug|Any CPU
		{069C872A-BFDE-43DF-8AA5-6D578C511857}.Debug|x86.Build.0 = Debug|Any CPU
		{069C872A-BFDE-43DF-8AA5-6D578C511857}.Release|Any CPU.ActiveCfg = Release|Any CPU
		{069C872A-BFDE-43DF-8AA5-6D578C511857}.Release|Any CPU.Build.0 = Release|Any CPU
		{069C872A-BFDE-43DF-8AA5-6D578C511857}.Release|x86.ActiveCfg = Release|Any CPU
		{069C872A-BFDE-43DF-8AA5-6D578C511857}.Release|x86.Build.0 = Release|Any CPU
		{4E26FC58-F8E8-4273-8F84-19252E5593F9}.Debug|Any CPU.ActiveCfg = Debug|Any CPU
		{4E26FC58-F8E8-4273-8F84-19252E5593F9}.Debug|Any CPU.Build.0 = Debug|Any CPU
		{4E26FC58-F8E8-4273-8F84-19252E5593F9}.Debug|x86.ActiveCfg = Debug|Any CPU
		{4E26FC58-F8E8-4273-8F84-19252E5593F9}.Debug|x86.Build.0 = Debug|Any CPU
		{4E26FC58-F8E8-4273-8F84-19252E5593F9}.Release|Any CPU.ActiveCfg = Release|Any CPU
		{4E26FC58-F8E8-4273-8F84-19252E5593F9}.Release|Any CPU.Build.0 = Release|Any CPU
		{4E26FC58-F8E8-4273-8F84-19252E5593F9}.Release|x86.ActiveCfg = Release|Any CPU
		{4E26FC58-F8E8-4273-8F84-19252E5593F9}.Release|x86.Build.0 = Release|Any CPU
		{4E26FC58-7311-1173-8F84-19252E5593F9}.Debug|Any CPU.ActiveCfg = Debug|Any CPU
		{4E26FC58-7311-1173-8F84-19252E5593F9}.Debug|Any CPU.Build.0 = Debug|Any CPU
		{4E26FC58-7311-1173-8F84-19252E5593F9}.Debug|x86.ActiveCfg = Debug|Any CPU
		{4E26FC58-7311-1173-8F84-19252E5593F9}.Debug|x86.Build.0 = Debug|Any CPU
		{4E26FC58-7311-1173-8F84-19252E5593F9}.Release|Any CPU.ActiveCfg = Release|Any CPU
		{4E26FC58-7311-1173-8F84-19252E5593F9}.Release|Any CPU.Build.0 = Release|Any CPU
		{4E26FC58-7311-1173-8F84-19252E5593F9}.Release|x86.ActiveCfg = Release|Any CPU
		{4E26FC58-7311-1173-8F84-19252E5593F9}.Release|x86.Build.0 = Release|Any CPU
		{625B1D42-4E48-4DD5-AD91-F83C26D07BBB}.Debug|Any CPU.ActiveCfg = Debug|Any CPU
		{625B1D42-4E48-4DD5-AD91-F83C26D07BBB}.Debug|Any CPU.Build.0 = Debug|Any CPU
		{625B1D42-4E48-4DD5-AD91-F83C26D07BBB}.Debug|x86.ActiveCfg = Debug|Any CPU
		{625B1D42-4E48-4DD5-AD91-F83C26D07BBB}.Debug|x86.Build.0 = Debug|Any CPU
		{625B1D42-4E48-4DD5-AD91-F83C26D07BBB}.Release|Any CPU.ActiveCfg = Release|Any CPU
		{625B1D42-4E48-4DD5-AD91-F83C26D07BBB}.Release|Any CPU.Build.0 = Release|Any CPU
		{625B1D42-4E48-4DD5-AD91-F83C26D07BBB}.Release|x86.ActiveCfg = Release|Any CPU
		{625B1D42-4E48-4DD5-AD91-F83C26D07BBB}.Release|x86.Build.0 = Release|Any CPU
	EndGlobalSection
	GlobalSection(SolutionProperties) = preSolution
		HideSolutionNode = FALSE
	EndGlobalSection
	GlobalSection(NestedProjects) = preSolution
		{935191FB-7EB7-4684-A58C-9293AB6510DF} = {ED4532EF-88FF-48FC-9C92-FAD9965ACF9C}
	EndGlobalSection
	GlobalSection(ExtensibilityGlobals) = postSolution
		SolutionGuid = {01CCE452-7636-4590-8946-7B7AE3584B77}
	EndGlobalSection
EndGlobal
