
Microsoft Visual Studio Solution File, Format Version 12.00
# Visual Studio Version 17
VisualStudioVersion = 17.1.32407.343
MinimumVisualStudioVersion = 10.0.40219.1
Project("{9A19103F-16F7-4668-BE54-9A1E7A4F7556}") = "MergeORama", "MergeORama\MergeORama.csproj", "{2380F7A0-0247-4F52-ABCA-1E95D599AF77}"
EndProject
Project("{2150E333-8FDC-42A3-9474-1A3956D46DE8}") = "Solution Items", "Solution Items", "{ED4532EF-88FF-48FC-9C92-FAD9965ACF9C}"
	ProjectSection(SolutionItems) = preProject
		BugTracking.txt = BugTracking.txt
	EndProjectSection
EndProject
Project("{9A19103F-16F7-4668-BE54-9A1E7A4F7556}") = "VampORama", "VampORama\VampORama.csproj", "{D0CB347F-7311-4A9E-BD42-D9474B0A28A5}"
EndProject
Project("{FAE04EC0-301F-11D3-BF4B-00C04F79EFBC}") = "xMove", "xMove\xMove.csproj", "{935191FB-7EB7-4684-A58C-9293AB6510DF}"
EndProject
Project("{E24C65DC-7377-472B-9ABA-BC803B73C61A}") = "Documentation", "Documentation\", "{120FA90D-8B88-4053-BDCC-75D0346AE4AE}"
	ProjectSection(WebsiteProperties) = preProject
		TargetFrameworkMoniker = ".NETFramework,Version%3Dv4.0"
		Debug.AspNetCompiler.VirtualPath = "/localhost_61043"
		Debug.AspNetCompiler.PhysicalPath = "Documentation\"
		Debug.AspNetCompiler.TargetPath = "PrecompiledWeb\localhost_61043\"
		Debug.AspNetCompiler.Updateable = "true"
		Debug.AspNetCompiler.ForceOverwrite = "true"
		Debug.AspNetCompiler.FixedNames = "false"
		Debug.AspNetCompiler.Debug = "True"
		Release.AspNetCompiler.VirtualPath = "/localhost_61043"
		Release.AspNetCompiler.PhysicalPath = "Documentation\"
		Release.AspNetCompiler.TargetPath = "PrecompiledWeb\localhost_61043\"
		Release.AspNetCompiler.Updateable = "true"
		Release.AspNetCompiler.ForceOverwrite = "true"
		Release.AspNetCompiler.FixedNames = "false"
		Release.AspNetCompiler.Debug = "False"
		VWDPort = "61043"
		SlnRelativePath = "Documentation\"
	EndProjectSection
EndProject
Project("{9A19103F-16F7-4668-BE54-9A1E7A4F7556}") = "MapORama", "MapORama\MapORama.csproj", "{53B38C9F-9C5C-42EB-9B33-93E5AD481101}"
EndProject
Project("{9A19103F-16F7-4668-BE54-9A1E7A4F7556}") = "Blank-O-Rama", "BlankORama\Blank-O-Rama.csproj", "{B5AC4531-0DE5-45D7-85AD-39CF977AFA0E}"
EndProject
Project("{9A19103F-16F7-4668-BE54-9A1E7A4F7556}") = "Channel-O-Rama", "ChannelORama\Channel-O-Rama.csproj", "{E0D3365C-89C0-40F5-B542-13F4ECB3A04F}"
EndProject
Project("{9A19103F-16F7-4668-BE54-9A1E7A4F7556}") = "Compare-O-Rama", "CompareORama\Compare-O-Rama.csproj", "{2E540D81-6891-432D-8277-1BC86452DCBE}"
EndProject
Project("{9A19103F-16F7-4668-BE54-9A1E7A4F7556}") = "Dim-O-Rama", "DimORama\Dim-O-Rama.csproj", "{D2A8BB5F-B320-4942-93EF-AE14A533A384}"
EndProject
Project("{9A19103F-16F7-4668-BE54-9A1E7A4F7556}") = "Flip-O-Rama", "FlipORama\Flip-O-Rama.csproj", "{033E4152-F54C-4A69-BDA9-5D974BB931D7}"
EndProject
Project("{9A19103F-16F7-4668-BE54-9A1E7A4F7556}") = "InfO-Rama", "InfORama\InfO-Rama.csproj", "{1EA8A759-5694-4B91-9AED-94655698B4CF}"
EndProject
Project("{9A19103F-16F7-4668-BE54-9A1E7A4F7556}") = "Launch-O-Rama", "LaunchORama\Launch-O-Rama.csproj", "{ED0DC743-E805-46D0-8AD6-AE97D2C1CDE7}"
EndProject
Project("{9A19103F-16F7-4668-BE54-9A1E7A4F7556}") = "RGB-O-Rama", "RGBORama\RGB-O-Rama.csproj", "{F3ACE754-B9F0-40BF-9F5F-148BEBCE49B8}"
EndProject
Project("{9A19103F-16F7-4668-BE54-9A1E7A4F7556}") = "Sparkle-O-Rama", "SparkleORama\Sparkle-O-Rama.csproj", "{59EE25FF-F5B8-4FB5-B869-29F71D2FCE96}"
EndProject
Project("{9A19103F-16F7-4668-BE54-9A1E7A4F7556}") = "Split-O-Rama", "SplitORama\Split-O-Rama.csproj", "{FAEE7CA9-92A7-4F8A-B1A5-25097C509636}"
EndProject
Project("{9A19103F-16F7-4668-BE54-9A1E7A4F7556}") = "Time-O-Rama", "TimeORama\Time-O-Rama.csproj", "{619738CA-B74D-4A3E-865C-1179ED3A9F9A}"
EndProject
Project("{9A19103F-16F7-4668-BE54-9A1E7A4F7556}") = "FuzzORama", "Common\FuzzORama\FuzzORama.csproj", "{4E46F278-D947-41DE-9128-5E97D786AB0B}"
EndProject
Project("{9A19103F-16F7-4668-BE54-9A1E7A4F7556}") = "Select-O-Rama", "SelectORama\Select-O-Rama.csproj", "{38620DD1-9F8D-46B8-B783-761397F2D073}"
EndProject
Global
	GlobalSection(SolutionConfigurationPlatforms) = preSolution
		Debug|Any CPU = Debug|Any CPU
		Debug|x64 = Debug|x64
		Release|Any CPU = Release|Any CPU
		Release|x64 = Release|x64
	EndGlobalSection
	GlobalSection(ProjectConfigurationPlatforms) = postSolution
		{2380F7A0-0247-4F52-ABCA-1E95D599AF77}.Debug|Any CPU.ActiveCfg = Debug|Any CPU
		{2380F7A0-0247-4F52-ABCA-1E95D599AF77}.Debug|Any CPU.Build.0 = Debug|Any CPU
		{2380F7A0-0247-4F52-ABCA-1E95D599AF77}.Debug|x64.ActiveCfg = Debug|Any CPU
		{2380F7A0-0247-4F52-ABCA-1E95D599AF77}.Debug|x64.Build.0 = Debug|Any CPU
		{2380F7A0-0247-4F52-ABCA-1E95D599AF77}.Release|Any CPU.ActiveCfg = Release|Any CPU
		{2380F7A0-0247-4F52-ABCA-1E95D599AF77}.Release|Any CPU.Build.0 = Release|Any CPU
		{2380F7A0-0247-4F52-ABCA-1E95D599AF77}.Release|x64.ActiveCfg = Release|Any CPU
		{2380F7A0-0247-4F52-ABCA-1E95D599AF77}.Release|x64.Build.0 = Release|Any CPU
		{D0CB347F-7311-4A9E-BD42-D9474B0A28A5}.Debug|Any CPU.ActiveCfg = Debug|Any CPU
		{D0CB347F-7311-4A9E-BD42-D9474B0A28A5}.Debug|Any CPU.Build.0 = Debug|Any CPU
		{D0CB347F-7311-4A9E-BD42-D9474B0A28A5}.Debug|x64.ActiveCfg = Debug|Any CPU
		{D0CB347F-7311-4A9E-BD42-D9474B0A28A5}.Debug|x64.Build.0 = Debug|Any CPU
		{D0CB347F-7311-4A9E-BD42-D9474B0A28A5}.Release|Any CPU.ActiveCfg = Release|Any CPU
		{D0CB347F-7311-4A9E-BD42-D9474B0A28A5}.Release|Any CPU.Build.0 = Release|Any CPU
		{D0CB347F-7311-4A9E-BD42-D9474B0A28A5}.Release|x64.ActiveCfg = Release|Any CPU
		{D0CB347F-7311-4A9E-BD42-D9474B0A28A5}.Release|x64.Build.0 = Release|Any CPU
		{935191FB-7EB7-4684-A58C-9293AB6510DF}.Debug|Any CPU.ActiveCfg = Debug|Any CPU
		{935191FB-7EB7-4684-A58C-9293AB6510DF}.Debug|x64.ActiveCfg = Debug|Any CPU
		{935191FB-7EB7-4684-A58C-9293AB6510DF}.Release|Any CPU.ActiveCfg = Release|Any CPU
		{935191FB-7EB7-4684-A58C-9293AB6510DF}.Release|x64.ActiveCfg = Release|Any CPU
		{120FA90D-8B88-4053-BDCC-75D0346AE4AE}.Debug|Any CPU.ActiveCfg = Debug|Any CPU
		{120FA90D-8B88-4053-BDCC-75D0346AE4AE}.Debug|Any CPU.Build.0 = Debug|Any CPU
		{120FA90D-8B88-4053-BDCC-75D0346AE4AE}.Debug|x64.ActiveCfg = Debug|Any CPU
		{120FA90D-8B88-4053-BDCC-75D0346AE4AE}.Debug|x64.Build.0 = Debug|Any CPU
		{120FA90D-8B88-4053-BDCC-75D0346AE4AE}.Release|Any CPU.ActiveCfg = Debug|Any CPU
		{120FA90D-8B88-4053-BDCC-75D0346AE4AE}.Release|Any CPU.Build.0 = Debug|Any CPU
		{120FA90D-8B88-4053-BDCC-75D0346AE4AE}.Release|x64.ActiveCfg = Debug|Any CPU
		{120FA90D-8B88-4053-BDCC-75D0346AE4AE}.Release|x64.Build.0 = Debug|Any CPU
		{53B38C9F-9C5C-42EB-9B33-93E5AD481101}.Debug|Any CPU.ActiveCfg = Debug|Any CPU
		{53B38C9F-9C5C-42EB-9B33-93E5AD481101}.Debug|Any CPU.Build.0 = Debug|Any CPU
		{53B38C9F-9C5C-42EB-9B33-93E5AD481101}.Debug|x64.ActiveCfg = Debug|Any CPU
		{53B38C9F-9C5C-42EB-9B33-93E5AD481101}.Debug|x64.Build.0 = Debug|Any CPU
		{53B38C9F-9C5C-42EB-9B33-93E5AD481101}.Release|Any CPU.ActiveCfg = Release|Any CPU
		{53B38C9F-9C5C-42EB-9B33-93E5AD481101}.Release|Any CPU.Build.0 = Release|Any CPU
		{53B38C9F-9C5C-42EB-9B33-93E5AD481101}.Release|x64.ActiveCfg = Release|Any CPU
		{53B38C9F-9C5C-42EB-9B33-93E5AD481101}.Release|x64.Build.0 = Release|Any CPU
		{B5AC4531-0DE5-45D7-85AD-39CF977AFA0E}.Debug|Any CPU.ActiveCfg = Debug|Any CPU
		{B5AC4531-0DE5-45D7-85AD-39CF977AFA0E}.Debug|Any CPU.Build.0 = Debug|Any CPU
		{B5AC4531-0DE5-45D7-85AD-39CF977AFA0E}.Debug|x64.ActiveCfg = Debug|Any CPU
		{B5AC4531-0DE5-45D7-85AD-39CF977AFA0E}.Debug|x64.Build.0 = Debug|Any CPU
		{B5AC4531-0DE5-45D7-85AD-39CF977AFA0E}.Release|Any CPU.ActiveCfg = Release|Any CPU
		{B5AC4531-0DE5-45D7-85AD-39CF977AFA0E}.Release|Any CPU.Build.0 = Release|Any CPU
		{B5AC4531-0DE5-45D7-85AD-39CF977AFA0E}.Release|x64.ActiveCfg = Release|Any CPU
		{B5AC4531-0DE5-45D7-85AD-39CF977AFA0E}.Release|x64.Build.0 = Release|Any CPU
		{E0D3365C-89C0-40F5-B542-13F4ECB3A04F}.Debug|Any CPU.ActiveCfg = Debug|Any CPU
		{E0D3365C-89C0-40F5-B542-13F4ECB3A04F}.Debug|Any CPU.Build.0 = Debug|Any CPU
		{E0D3365C-89C0-40F5-B542-13F4ECB3A04F}.Debug|x64.ActiveCfg = Debug|Any CPU
		{E0D3365C-89C0-40F5-B542-13F4ECB3A04F}.Debug|x64.Build.0 = Debug|Any CPU
		{E0D3365C-89C0-40F5-B542-13F4ECB3A04F}.Release|Any CPU.ActiveCfg = Release|Any CPU
		{E0D3365C-89C0-40F5-B542-13F4ECB3A04F}.Release|Any CPU.Build.0 = Release|Any CPU
		{E0D3365C-89C0-40F5-B542-13F4ECB3A04F}.Release|x64.ActiveCfg = Release|Any CPU
		{E0D3365C-89C0-40F5-B542-13F4ECB3A04F}.Release|x64.Build.0 = Release|Any CPU
		{2E540D81-6891-432D-8277-1BC86452DCBE}.Debug|Any CPU.ActiveCfg = Debug|Any CPU
		{2E540D81-6891-432D-8277-1BC86452DCBE}.Debug|Any CPU.Build.0 = Debug|Any CPU
		{2E540D81-6891-432D-8277-1BC86452DCBE}.Debug|x64.ActiveCfg = Debug|Any CPU
		{2E540D81-6891-432D-8277-1BC86452DCBE}.Debug|x64.Build.0 = Debug|Any CPU
		{2E540D81-6891-432D-8277-1BC86452DCBE}.Release|Any CPU.ActiveCfg = Release|Any CPU
		{2E540D81-6891-432D-8277-1BC86452DCBE}.Release|Any CPU.Build.0 = Release|Any CPU
		{2E540D81-6891-432D-8277-1BC86452DCBE}.Release|x64.ActiveCfg = Release|Any CPU
		{2E540D81-6891-432D-8277-1BC86452DCBE}.Release|x64.Build.0 = Release|Any CPU
		{D2A8BB5F-B320-4942-93EF-AE14A533A384}.Debug|Any CPU.ActiveCfg = Debug|Any CPU
		{D2A8BB5F-B320-4942-93EF-AE14A533A384}.Debug|Any CPU.Build.0 = Debug|Any CPU
		{D2A8BB5F-B320-4942-93EF-AE14A533A384}.Debug|x64.ActiveCfg = Debug|Any CPU
		{D2A8BB5F-B320-4942-93EF-AE14A533A384}.Debug|x64.Build.0 = Debug|Any CPU
		{D2A8BB5F-B320-4942-93EF-AE14A533A384}.Release|Any CPU.ActiveCfg = Release|Any CPU
		{D2A8BB5F-B320-4942-93EF-AE14A533A384}.Release|Any CPU.Build.0 = Release|Any CPU
		{D2A8BB5F-B320-4942-93EF-AE14A533A384}.Release|x64.ActiveCfg = Release|Any CPU
		{D2A8BB5F-B320-4942-93EF-AE14A533A384}.Release|x64.Build.0 = Release|Any CPU
		{033E4152-F54C-4A69-BDA9-5D974BB931D7}.Debug|Any CPU.ActiveCfg = Debug|Any CPU
		{033E4152-F54C-4A69-BDA9-5D974BB931D7}.Debug|Any CPU.Build.0 = Debug|Any CPU
		{033E4152-F54C-4A69-BDA9-5D974BB931D7}.Debug|x64.ActiveCfg = Debug|Any CPU
		{033E4152-F54C-4A69-BDA9-5D974BB931D7}.Debug|x64.Build.0 = Debug|Any CPU
		{033E4152-F54C-4A69-BDA9-5D974BB931D7}.Release|Any CPU.ActiveCfg = Release|Any CPU
		{033E4152-F54C-4A69-BDA9-5D974BB931D7}.Release|Any CPU.Build.0 = Release|Any CPU
		{033E4152-F54C-4A69-BDA9-5D974BB931D7}.Release|x64.ActiveCfg = Release|Any CPU
		{033E4152-F54C-4A69-BDA9-5D974BB931D7}.Release|x64.Build.0 = Release|Any CPU
		{1EA8A759-5694-4B91-9AED-94655698B4CF}.Debug|Any CPU.ActiveCfg = Debug|Any CPU
		{1EA8A759-5694-4B91-9AED-94655698B4CF}.Debug|Any CPU.Build.0 = Debug|Any CPU
		{1EA8A759-5694-4B91-9AED-94655698B4CF}.Debug|x64.ActiveCfg = Debug|Any CPU
		{1EA8A759-5694-4B91-9AED-94655698B4CF}.Debug|x64.Build.0 = Debug|Any CPU
		{1EA8A759-5694-4B91-9AED-94655698B4CF}.Release|Any CPU.ActiveCfg = Release|Any CPU
		{1EA8A759-5694-4B91-9AED-94655698B4CF}.Release|Any CPU.Build.0 = Release|Any CPU
		{1EA8A759-5694-4B91-9AED-94655698B4CF}.Release|x64.ActiveCfg = Release|Any CPU
		{1EA8A759-5694-4B91-9AED-94655698B4CF}.Release|x64.Build.0 = Release|Any CPU
		{ED0DC743-E805-46D0-8AD6-AE97D2C1CDE7}.Debug|Any CPU.ActiveCfg = Debug|Any CPU
		{ED0DC743-E805-46D0-8AD6-AE97D2C1CDE7}.Debug|Any CPU.Build.0 = Debug|Any CPU
		{ED0DC743-E805-46D0-8AD6-AE97D2C1CDE7}.Debug|x64.ActiveCfg = Debug|Any CPU
		{ED0DC743-E805-46D0-8AD6-AE97D2C1CDE7}.Debug|x64.Build.0 = Debug|Any CPU
		{ED0DC743-E805-46D0-8AD6-AE97D2C1CDE7}.Release|Any CPU.ActiveCfg = Release|Any CPU
		{ED0DC743-E805-46D0-8AD6-AE97D2C1CDE7}.Release|Any CPU.Build.0 = Release|Any CPU
		{ED0DC743-E805-46D0-8AD6-AE97D2C1CDE7}.Release|x64.ActiveCfg = Release|Any CPU
		{ED0DC743-E805-46D0-8AD6-AE97D2C1CDE7}.Release|x64.Build.0 = Release|Any CPU
		{F3ACE754-B9F0-40BF-9F5F-148BEBCE49B8}.Debug|Any CPU.ActiveCfg = Debug|Any CPU
		{F3ACE754-B9F0-40BF-9F5F-148BEBCE49B8}.Debug|Any CPU.Build.0 = Debug|Any CPU
		{F3ACE754-B9F0-40BF-9F5F-148BEBCE49B8}.Debug|x64.ActiveCfg = Debug|Any CPU
		{F3ACE754-B9F0-40BF-9F5F-148BEBCE49B8}.Debug|x64.Build.0 = Debug|Any CPU
		{F3ACE754-B9F0-40BF-9F5F-148BEBCE49B8}.Release|Any CPU.ActiveCfg = Release|Any CPU
		{F3ACE754-B9F0-40BF-9F5F-148BEBCE49B8}.Release|Any CPU.Build.0 = Release|Any CPU
		{F3ACE754-B9F0-40BF-9F5F-148BEBCE49B8}.Release|x64.ActiveCfg = Release|Any CPU
		{F3ACE754-B9F0-40BF-9F5F-148BEBCE49B8}.Release|x64.Build.0 = Release|Any CPU
		{59EE25FF-F5B8-4FB5-B869-29F71D2FCE96}.Debug|Any CPU.ActiveCfg = Debug|Any CPU
		{59EE25FF-F5B8-4FB5-B869-29F71D2FCE96}.Debug|Any CPU.Build.0 = Debug|Any CPU
		{59EE25FF-F5B8-4FB5-B869-29F71D2FCE96}.Debug|x64.ActiveCfg = Debug|Any CPU
		{59EE25FF-F5B8-4FB5-B869-29F71D2FCE96}.Debug|x64.Build.0 = Debug|Any CPU
		{59EE25FF-F5B8-4FB5-B869-29F71D2FCE96}.Release|Any CPU.ActiveCfg = Release|Any CPU
		{59EE25FF-F5B8-4FB5-B869-29F71D2FCE96}.Release|Any CPU.Build.0 = Release|Any CPU
		{59EE25FF-F5B8-4FB5-B869-29F71D2FCE96}.Release|x64.ActiveCfg = Release|Any CPU
		{59EE25FF-F5B8-4FB5-B869-29F71D2FCE96}.Release|x64.Build.0 = Release|Any CPU
		{FAEE7CA9-92A7-4F8A-B1A5-25097C509636}.Debug|Any CPU.ActiveCfg = Debug|Any CPU
		{FAEE7CA9-92A7-4F8A-B1A5-25097C509636}.Debug|Any CPU.Build.0 = Debug|Any CPU
		{FAEE7CA9-92A7-4F8A-B1A5-25097C509636}.Debug|x64.ActiveCfg = Debug|Any CPU
		{FAEE7CA9-92A7-4F8A-B1A5-25097C509636}.Debug|x64.Build.0 = Debug|Any CPU
		{FAEE7CA9-92A7-4F8A-B1A5-25097C509636}.Release|Any CPU.ActiveCfg = Release|Any CPU
		{FAEE7CA9-92A7-4F8A-B1A5-25097C509636}.Release|Any CPU.Build.0 = Release|Any CPU
		{FAEE7CA9-92A7-4F8A-B1A5-25097C509636}.Release|x64.ActiveCfg = Release|Any CPU
		{FAEE7CA9-92A7-4F8A-B1A5-25097C509636}.Release|x64.Build.0 = Release|Any CPU
		{619738CA-B74D-4A3E-865C-1179ED3A9F9A}.Debug|Any CPU.ActiveCfg = Debug|Any CPU
		{619738CA-B74D-4A3E-865C-1179ED3A9F9A}.Debug|Any CPU.Build.0 = Debug|Any CPU
		{619738CA-B74D-4A3E-865C-1179ED3A9F9A}.Debug|x64.ActiveCfg = Debug|Any CPU
		{619738CA-B74D-4A3E-865C-1179ED3A9F9A}.Debug|x64.Build.0 = Debug|Any CPU
		{619738CA-B74D-4A3E-865C-1179ED3A9F9A}.Release|Any CPU.ActiveCfg = Release|Any CPU
		{619738CA-B74D-4A3E-865C-1179ED3A9F9A}.Release|Any CPU.Build.0 = Release|Any CPU
		{619738CA-B74D-4A3E-865C-1179ED3A9F9A}.Release|x64.ActiveCfg = Release|Any CPU
		{619738CA-B74D-4A3E-865C-1179ED3A9F9A}.Release|x64.Build.0 = Release|Any CPU
		{4E46F278-D947-41DE-9128-5E97D786AB0B}.Debug|Any CPU.ActiveCfg = Debug|Any CPU
		{4E46F278-D947-41DE-9128-5E97D786AB0B}.Debug|Any CPU.Build.0 = Debug|Any CPU
		{4E46F278-D947-41DE-9128-5E97D786AB0B}.Debug|x64.ActiveCfg = Debug|Any CPU
		{4E46F278-D947-41DE-9128-5E97D786AB0B}.Debug|x64.Build.0 = Debug|Any CPU
		{4E46F278-D947-41DE-9128-5E97D786AB0B}.Release|Any CPU.ActiveCfg = Release|Any CPU
		{4E46F278-D947-41DE-9128-5E97D786AB0B}.Release|Any CPU.Build.0 = Release|Any CPU
		{4E46F278-D947-41DE-9128-5E97D786AB0B}.Release|x64.ActiveCfg = Release|Any CPU
		{4E46F278-D947-41DE-9128-5E97D786AB0B}.Release|x64.Build.0 = Release|Any CPU
		{38620DD1-9F8D-46B8-B783-761397F2D073}.Debug|Any CPU.ActiveCfg = Debug|Any CPU
		{38620DD1-9F8D-46B8-B783-761397F2D073}.Debug|Any CPU.Build.0 = Debug|Any CPU
		{38620DD1-9F8D-46B8-B783-761397F2D073}.Debug|x64.ActiveCfg = Debug|Any CPU
		{38620DD1-9F8D-46B8-B783-761397F2D073}.Debug|x64.Build.0 = Debug|Any CPU
		{38620DD1-9F8D-46B8-B783-761397F2D073}.Release|Any CPU.ActiveCfg = Release|Any CPU
		{38620DD1-9F8D-46B8-B783-761397F2D073}.Release|Any CPU.Build.0 = Release|Any CPU
		{38620DD1-9F8D-46B8-B783-761397F2D073}.Release|x64.ActiveCfg = Release|Any CPU
		{38620DD1-9F8D-46B8-B783-761397F2D073}.Release|x64.Build.0 = Release|Any CPU
	EndGlobalSection
	GlobalSection(SolutionProperties) = preSolution
		HideSolutionNode = FALSE
	EndGlobalSection
	GlobalSection(NestedProjects) = preSolution
		{935191FB-7EB7-4684-A58C-9293AB6510DF} = {ED4532EF-88FF-48FC-9C92-FAD9965ACF9C}
	EndGlobalSection
	GlobalSection(ExtensibilityGlobals) = postSolution
		SolutionGuid = {01CCE452-7636-4590-8946-7B7AE3584B77}
	EndGlobalSection
EndGlobal
