
Microsoft Visual Studio Solution File, Format Version 12.00
# Visual Studio Version 17
VisualStudioVersion = 17.1.32421.90
MinimumVisualStudioVersion = 10.0.40219.1
Project("{FAE04EC0-301F-11D3-BF4B-00C04F79EFBC}") = "Dim-O-Rama", "Dim-O-Rama.csproj", "{E826B4EC-9D45-4629-B5BF-E7C49CEB9739}"
EndProject
Global
	GlobalSection(SolutionConfigurationPlatforms) = preSolution
		Debug|Any CPU = Debug|Any CPU
		Release|Any CPU = Release|Any CPU
	EndGlobalSection
	GlobalSection(ProjectConfigurationPlatforms) = postSolution
		{E826B4EC-9D45-4629-B5BF-E7C49CEB9739}.Debug|Any CPU.ActiveCfg = Debug|Any CPU
		{E826B4EC-9D45-4629-B5BF-E7C49CEB9739}.Debug|Any CPU.Build.0 = Debug|Any CPU
		{E826B4EC-9D45-4629-B5BF-E7C49CEB9739}.Release|Any CPU.ActiveCfg = Release|Any CPU
		{E826B4EC-9D45-4629-B5BF-E7C49CEB9739}.Release|Any CPU.Build.0 = Release|Any CPU
	EndGlobalSection
	GlobalSection(SolutionProperties) = preSolution
		HideSolutionNode = FALSE
	EndGlobalSection
	GlobalSection(ExtensibilityGlobals) = postSolution
		SolutionGuid = {FBB79F86-A56D-4CB8-8487-43042800845F}
	EndGlobalSection
EndGlobal
