
Microsoft Visual Studio Solution File, Format Version 12.00
# Visual Studio Version 16
VisualStudioVersion = 16.0.30413.136
MinimumVisualStudioVersion = 10.0.40219.1
Project("{FAE04EC0-301F-11D3-BF4B-00C04F79EFBC}") = "VampORama", "VampORama.csproj", "{D0CB347F-95A1-4A9E-BD42-D9474B0A28A5}"
EndProject
Global
	GlobalSection(SolutionConfigurationPlatforms) = preSolution
		Debug|Any CPU = Debug|Any CPU
		Release|Any CPU = Release|Any CPU
	EndGlobalSection
	GlobalSection(ProjectConfigurationPlatforms) = postSolution
		{D0CB347F-95A1-4A9E-BD42-D9474B0A28A5}.Debug|Any CPU.ActiveCfg = Debug|Any CPU
		{D0CB347F-95A1-4A9E-BD42-D9474B0A28A5}.Debug|Any CPU.Build.0 = Debug|Any CPU
		{D0CB347F-95A1-4A9E-BD42-D9474B0A28A5}.Release|Any CPU.ActiveCfg = Release|Any CPU
		{D0CB347F-95A1-4A9E-BD42-D9474B0A28A5}.Release|Any CPU.Build.0 = Release|Any CPU
	EndGlobalSection
	GlobalSection(SolutionProperties) = preSolution
		HideSolutionNode = FALSE
	EndGlobalSection
	GlobalSection(ExtensibilityGlobals) = postSolution
		SolutionGuid = {C163859C-DA87-456D-AF5B-3AB3C3E6826D}
	EndGlobalSection
EndGlobal
