
Microsoft Visual Studio Solution File, Format Version 12.00
# Visual Studio 15
VisualStudioVersion = 15.0.28010.2026
MinimumVisualStudioVersion = 10.0.40219.1
Project("{FAE04EC0-301F-11D3-BF4B-00C04F79EFBC}") = "LORclipView", "LORclipView\LORclipView.csproj", "{4328B3DD-A163-4755-9285-2FBFED5E6E46}"
EndProject
Global
	GlobalSection(SolutionConfigurationPlatforms) = preSolution
		Debug|Any CPU = Debug|Any CPU
		Release|Any CPU = Release|Any CPU
	EndGlobalSection
	GlobalSection(ProjectConfigurationPlatforms) = postSolution
		{4328B3DD-A163-4755-9285-2FBFED5E6E46}.Debug|Any CPU.ActiveCfg = Debug|Any CPU
		{4328B3DD-A163-4755-9285-2FBFED5E6E46}.Debug|Any CPU.Build.0 = Debug|Any CPU
		{4328B3DD-A163-4755-9285-2FBFED5E6E46}.Release|Any CPU.ActiveCfg = Release|Any CPU
		{4328B3DD-A163-4755-9285-2FBFED5E6E46}.Release|Any CPU.Build.0 = Release|Any CPU
	EndGlobalSection
	GlobalSection(SolutionProperties) = preSolution
		HideSolutionNode = FALSE
	EndGlobalSection
	GlobalSection(ExtensibilityGlobals) = postSolution
		SolutionGuid = {0615FB19-1817-4DC1-A3A8-D9EB6B7C1EAE}
	EndGlobalSection
EndGlobal
