
Microsoft Visual Studio Solution File, Format Version 12.00
# Visual Studio 15
VisualStudioVersion = 15.0.26730.8
MinimumVisualStudioVersion = 10.0.40219.1
Project("{FAE04EC0-301F-11D3-BF4B-00C04F79EFBC}") = "FuzzyString", "FuzzyString.csproj", "{2AAA900B-64FB-4874-9444-64AE33ACA970}"
EndProject
Project("{FAE04EC0-301F-11D3-BF4B-00C04F79EFBC}") = "Tester", "..\Tester\Tester.csproj", "{EC5F24C8-0573-4112-853D-0D31F44BAD9E}"
EndProject
Project("{2150E333-8FDC-42A3-9474-1A3956D46DE8}") = "Solution Items", "Solution Items", "{65851224-64C3-4263-9877-92E9C4B6A024}"
	ProjectSection(SolutionItems) = preProject
		ISubstitutionCost.cs = ISubstitutionCost.cs
	EndProjectSection
EndProject
Global
	GlobalSection(SolutionConfigurationPlatforms) = preSolution
		Debug|Any CPU = Debug|Any CPU
		Release|Any CPU = Release|Any CPU
	EndGlobalSection
	GlobalSection(ProjectConfigurationPlatforms) = postSolution
		{2AAA900B-64FB-4874-9444-64AE33ACA970}.Debug|Any CPU.ActiveCfg = Debug|Any CPU
		{2AAA900B-64FB-4874-9444-64AE33ACA970}.Debug|Any CPU.Build.0 = Debug|Any CPU
		{2AAA900B-64FB-4874-9444-64AE33ACA970}.Release|Any CPU.ActiveCfg = Release|Any CPU
		{2AAA900B-64FB-4874-9444-64AE33ACA970}.Release|Any CPU.Build.0 = Release|Any CPU
		{EC5F24C8-0573-4112-853D-0D31F44BAD9E}.Debug|Any CPU.ActiveCfg = Debug|Any CPU
		{EC5F24C8-0573-4112-853D-0D31F44BAD9E}.Debug|Any CPU.Build.0 = Debug|Any CPU
		{EC5F24C8-0573-4112-853D-0D31F44BAD9E}.Release|Any CPU.ActiveCfg = Release|Any CPU
		{EC5F24C8-0573-4112-853D-0D31F44BAD9E}.Release|Any CPU.Build.0 = Release|Any CPU
	EndGlobalSection
	GlobalSection(SolutionProperties) = preSolution
		HideSolutionNode = FALSE
	EndGlobalSection
	GlobalSection(ExtensibilityGlobals) = postSolution
		SolutionGuid = {E625610A-7A95-491A-9374-A03062F9E37B}
	EndGlobalSection
EndGlobal
