
Microsoft Visual Studio Solution File, Format Version 12.00
# Visual Studio Version 17
VisualStudioVersion = 17.1.32421.90
MinimumVisualStudioVersion = 10.0.40219.1
Project("{FAE04EC0-301F-11D3-BF4B-00C04F79EFBC}") = "Sparkle-O-Rama", "Sparkle-O-Rama.csproj", "{3627DB85-6897-4991-B100-912D7D163444}"
EndProject
Global
	GlobalSection(SolutionConfigurationPlatforms) = preSolution
		Debug|Any CPU = Debug|Any CPU
		Release|Any CPU = Release|Any CPU
	EndGlobalSection
	GlobalSection(ProjectConfigurationPlatforms) = postSolution
		{3627DB85-6897-4991-B100-912D7D163444}.Debug|Any CPU.ActiveCfg = Debug|Any CPU
		{3627DB85-6897-4991-B100-912D7D163444}.Debug|Any CPU.Build.0 = Debug|Any CPU
		{3627DB85-6897-4991-B100-912D7D163444}.Release|Any CPU.ActiveCfg = Release|Any CPU
		{3627DB85-6897-4991-B100-912D7D163444}.Release|Any CPU.Build.0 = Release|Any CPU
	EndGlobalSection
	GlobalSection(SolutionProperties) = preSolution
		HideSolutionNode = FALSE
	EndGlobalSection
	GlobalSection(ExtensibilityGlobals) = postSolution
		SolutionGuid = {08BFDB41-3780-4354-903D-19EE1B40979A}
	EndGlobalSection
EndGlobal
