
Microsoft Visual Studio Solution File, Format Version 12.00
# Visual Studio Version 17
VisualStudioVersion = 17.1.32421.90
MinimumVisualStudioVersion = 10.0.40219.1
Project("{FAE04EC0-301F-11D3-BF4B-00C04F79EFBC}") = "Map-O-Rama", "Map-O-Rama.csproj", "{EFA3293A-6870-4C6F-90B7-DA3918185E5E}"
EndProject
Global
	GlobalSection(SolutionConfigurationPlatforms) = preSolution
		Debug|Any CPU = Debug|Any CPU
		Release|Any CPU = Release|Any CPU
	EndGlobalSection
	GlobalSection(ProjectConfigurationPlatforms) = postSolution
		{EFA3293A-6870-4C6F-90B7-DA3918185E5E}.Debug|Any CPU.ActiveCfg = Debug|Any CPU
		{EFA3293A-6870-4C6F-90B7-DA3918185E5E}.Debug|Any CPU.Build.0 = Debug|Any CPU
		{EFA3293A-6870-4C6F-90B7-DA3918185E5E}.Release|Any CPU.ActiveCfg = Release|Any CPU
		{EFA3293A-6870-4C6F-90B7-DA3918185E5E}.Release|Any CPU.Build.0 = Release|Any CPU
	EndGlobalSection
	GlobalSection(SolutionProperties) = preSolution
		HideSolutionNode = FALSE
	EndGlobalSection
	GlobalSection(ExtensibilityGlobals) = postSolution
		SolutionGuid = {416CD8AE-F604-4FA5-BEFC-9B0B542957FF}
	EndGlobalSection
EndGlobal
