
Microsoft Visual Studio Solution File, Format Version 12.00
# Visual Studio Version 17
VisualStudioVersion = 17.1.32407.343
MinimumVisualStudioVersion = 10.0.40219.1
Project("{9A19103F-16F7-4668-BE54-9A1E7A4F7556}") = "MapORama", "MapORama.csproj", "{53B38C9F-9C5C-42EB-9B33-93E5AD481101}"
EndProject
Global
	GlobalSection(SolutionConfigurationPlatforms) = preSolution
		Debug|Any CPU = Debug|Any CPU
		Debug|x64 = Debug|x64
		Release|Any CPU = Release|Any CPU
		Release|x64 = Release|x64
	EndGlobalSection
	GlobalSection(ProjectConfigurationPlatforms) = postSolution
		{53B38C9F-9C5C-42EB-9B33-93E5AD481101}.Debug|Any CPU.ActiveCfg = Debug|Any CPU
		{53B38C9F-9C5C-42EB-9B33-93E5AD481101}.Debug|Any CPU.Build.0 = Debug|Any CPU
		{53B38C9F-9C5C-42EB-9B33-93E5AD481101}.Debug|x64.ActiveCfg = Debug|Any CPU
		{53B38C9F-9C5C-42EB-9B33-93E5AD481101}.Debug|x64.Build.0 = Debug|Any CPU
		{53B38C9F-9C5C-42EB-9B33-93E5AD481101}.Release|Any CPU.ActiveCfg = Release|Any CPU
		{53B38C9F-9C5C-42EB-9B33-93E5AD481101}.Release|Any CPU.Build.0 = Release|Any CPU
		{53B38C9F-9C5C-42EB-9B33-93E5AD481101}.Release|x64.ActiveCfg = Release|Any CPU
		{53B38C9F-9C5C-42EB-9B33-93E5AD481101}.Release|x64.Build.0 = Release|Any CPU
	EndGlobalSection
	GlobalSection(SolutionProperties) = preSolution
		HideSolutionNode = FALSE
	EndGlobalSection
	GlobalSection(ExtensibilityGlobals) = postSolution
		SolutionGuid = {01CCE452-7636-4590-8946-7B7AE3584B77}
	EndGlobalSection
EndGlobal
