
Microsoft Visual Studio Solution File, Format Version 12.00
# Visual Studio 15
VisualStudioVersion = 15.0.28010.2026
MinimumVisualStudioVersion = 10.0.40219.1
Project("{FAE04EC0-301F-11D3-BF4B-00C04F79EFBC}") = "InfoRama", "InfoRama.csproj", "{91ADB515-4361-4BC4-8BEE-A16D2DED4536}"
EndProject
Global
	GlobalSection(SolutionConfigurationPlatforms) = preSolution
		Debug|Any CPU = Debug|Any CPU
		Release|Any CPU = Release|Any CPU
	EndGlobalSection
	GlobalSection(ProjectConfigurationPlatforms) = postSolution
		{91ADB515-4361-4BC4-8BEE-A16D2DED4536}.Debug|Any CPU.ActiveCfg = Debug|Any CPU
		{91ADB515-4361-4BC4-8BEE-A16D2DED4536}.Debug|Any CPU.Build.0 = Debug|Any CPU
		{91ADB515-4361-4BC4-8BEE-A16D2DED4536}.Release|Any CPU.ActiveCfg = Release|Any CPU
		{91ADB515-4361-4BC4-8BEE-A16D2DED4536}.Release|Any CPU.Build.0 = Release|Any CPU
	EndGlobalSection
	GlobalSection(SolutionProperties) = preSolution
		HideSolutionNode = FALSE
	EndGlobalSection
	GlobalSection(ExtensibilityGlobals) = postSolution
		SolutionGuid = {38213CE1-B528-45B5-B375-27C1DC148C42}
	EndGlobalSection
EndGlobal
