
Microsoft Visual Studio Solution File, Format Version 12.00
# Visual Studio 15
VisualStudioVersion = 15.0.28010.2026
MinimumVisualStudioVersion = 10.0.40219.1
Project("{FAE04EC0-301F-11D3-BF4B-00C04F79EFBC}") = "TreeORama", "TreeORama.csproj", "{8F8923F1-2EA0-4F83-B046-4C8B50C0C99D}"
EndProject
Global
	GlobalSection(SolutionConfigurationPlatforms) = preSolution
		Debug|Any CPU = Debug|Any CPU
		Release|Any CPU = Release|Any CPU
	EndGlobalSection
	GlobalSection(ProjectConfigurationPlatforms) = postSolution
		{8F8923F1-2EA0-4F83-B046-4C8B50C0C99D}.Debug|Any CPU.ActiveCfg = Debug|Any CPU
		{8F8923F1-2EA0-4F83-B046-4C8B50C0C99D}.Debug|Any CPU.Build.0 = Debug|Any CPU
		{8F8923F1-2EA0-4F83-B046-4C8B50C0C99D}.Release|Any CPU.ActiveCfg = Release|Any CPU
		{8F8923F1-2EA0-4F83-B046-4C8B50C0C99D}.Release|Any CPU.Build.0 = Release|Any CPU
	EndGlobalSection
	GlobalSection(SolutionProperties) = preSolution
		HideSolutionNode = FALSE
	EndGlobalSection
	GlobalSection(ExtensibilityGlobals) = postSolution
		SolutionGuid = {CBBC7E09-F790-4E0D-BA45-AA2AE7EDE2D0}
	EndGlobalSection
EndGlobal
