
Microsoft Visual Studio Solution File, Format Version 12.00
# Visual Studio 15
VisualStudioVersion = 15.0.27703.2026
MinimumVisualStudioVersion = 10.0.40219.1
Project("{FAE04EC0-301F-11D3-BF4B-00C04F79EFBC}") = "SplitORama", "SplitORama.csproj", "{553F85E5-6AF8-4185-ACFE-68BF3DCBB3FD}"
EndProject
Global
	GlobalSection(SolutionConfigurationPlatforms) = preSolution
		Debug|Any CPU = Debug|Any CPU
		Release|Any CPU = Release|Any CPU
	EndGlobalSection
	GlobalSection(ProjectConfigurationPlatforms) = postSolution
		{553F85E5-6AF8-4185-ACFE-68BF3DCBB3FD}.Debug|Any CPU.ActiveCfg = Debug|Any CPU
		{553F85E5-6AF8-4185-ACFE-68BF3DCBB3FD}.Debug|Any CPU.Build.0 = Debug|Any CPU
		{553F85E5-6AF8-4185-ACFE-68BF3DCBB3FD}.Release|Any CPU.ActiveCfg = Release|Any CPU
		{553F85E5-6AF8-4185-ACFE-68BF3DCBB3FD}.Release|Any CPU.Build.0 = Release|Any CPU
	EndGlobalSection
	GlobalSection(SolutionProperties) = preSolution
		HideSolutionNode = FALSE
	EndGlobalSection
	GlobalSection(ExtensibilityGlobals) = postSolution
		SolutionGuid = {CFD5CEFC-272D-411D-8FE3-22FA17D503DD}
	EndGlobalSection
EndGlobal
